
Microsoft Visual Studio Solution File, Format Version 12.00
# Visual Studio 15
VisualStudioVersion = 15.0.27130.2027
MinimumVisualStudioVersion = 10.0.40219.1
Project("{FAE04EC0-301F-11D3-BF4B-00C04F79EFBC}") = "WindowsFormsApp6", "WindowsFormsApp6\WindowsFormsApp6.csproj", "{C5ADDF84-1122-454F-A7BF-3D66B048ADC8}"
EndProject
Global
	GlobalSection(SolutionConfigurationPlatforms) = preSolution
		Debug|Any CPU = Debug|Any CPU
		Release|Any CPU = Release|Any CPU
	EndGlobalSection
	GlobalSection(ProjectConfigurationPlatforms) = postSolution
		{C5ADDF84-1122-454F-A7BF-3D66B048ADC8}.Debug|Any CPU.ActiveCfg = Debug|Any CPU
		{C5ADDF84-1122-454F-A7BF-3D66B048ADC8}.Debug|Any CPU.Build.0 = Debug|Any CPU
		{C5ADDF84-1122-454F-A7BF-3D66B048ADC8}.Release|Any CPU.ActiveCfg = Release|Any CPU
		{C5ADDF84-1122-454F-A7BF-3D66B048ADC8}.Release|Any CPU.Build.0 = Release|Any CPU
	EndGlobalSection
	GlobalSection(SolutionProperties) = preSolution
		HideSolutionNode = FALSE
	EndGlobalSection
	GlobalSection(ExtensibilityGlobals) = postSolution
		SolutionGuid = {6B70D909-5097-48DE-AAC5-31307F421C06}
	EndGlobalSection
EndGlobal
